
Microsoft Visual Studio Solution File, Format Version 12.00
Project("{FAE04EC0-301F-11D3-BF4B-00C04F79EFBC}") = "Pragmatic Programmer", "Pragmatic Programmer.csproj", "{9BBB0AC9-ECD1-41D2-B31C-D1B6C5239356}"
EndProject
Global
	GlobalSection(SolutionConfigurationPlatforms) = preSolution
		Debug|Any CPU = Debug|Any CPU
		Release|Any CPU = Release|Any CPU
	EndGlobalSection
	GlobalSection(ProjectConfigurationPlatforms) = postSolution
		{9BBB0AC9-ECD1-41D2-B31C-D1B6C5239356}.Debug|Any CPU.ActiveCfg = Debug|Any CPU
		{9BBB0AC9-ECD1-41D2-B31C-D1B6C5239356}.Debug|Any CPU.Build.0 = Debug|Any CPU
		{9BBB0AC9-ECD1-41D2-B31C-D1B6C5239356}.Release|Any CPU.ActiveCfg = Release|Any CPU
		{9BBB0AC9-ECD1-41D2-B31C-D1B6C5239356}.Release|Any CPU.Build.0 = Release|Any CPU
	EndGlobalSection
EndGlobal
